
Microsoft Visual Studio Solution File, Format Version 12.00
# Visual Studio 2012
Project("{8BC9CEB8-8B4A-11D0-8D11-00A0C91BC942}") = "c++ normal", "c++ normal\c++ normal.vcxproj", "{C5016F68-9348-45D2-A806-ADE97CE9C599}"
EndProject
Global
	GlobalSection(SolutionConfigurationPlatforms) = preSolution
		Debug|Win32 = Debug|Win32
		Release|Win32 = Release|Win32
	EndGlobalSection
	GlobalSection(ProjectConfigurationPlatforms) = postSolution
		{C5016F68-9348-45D2-A806-ADE97CE9C599}.Debug|Win32.ActiveCfg = Debug|Win32
		{C5016F68-9348-45D2-A806-ADE97CE9C599}.Debug|Win32.Build.0 = Debug|Win32
		{C5016F68-9348-45D2-A806-ADE97CE9C599}.Release|Win32.ActiveCfg = Release|Win32
		{C5016F68-9348-45D2-A806-ADE97CE9C599}.Release|Win32.Build.0 = Release|Win32
	EndGlobalSection
	GlobalSection(SolutionProperties) = preSolution
		HideSolutionNode = FALSE
	EndGlobalSection
EndGlobal
